lockfileVersion: '9.0'

settings:
  autoInstallPeers: true
  excludeLinksFromLockfile: false

importers:

  .:
    devDependencies:
      '@bufbuild/protobuf':
        specifier: ^2.14.0
        version: 2.14.0
      '@connectrpc/connect':
        specifier: ^2.1.2
        version: 2.1.2(@bufbuild/protobuf@2.14.0)
      '@tauri-apps/api':
        specifier: ^2.11.1
        version: 2.11.1

packages:

  '@bufbuild/protobuf@2.14.0':
    resolution: {integrity: sha512-C3UGsiCwSprE2NKIIFA3hCDlpXTMCAXRZuEVp88L1GY36Y41+rYL5fryE+nOFhp4p4JPQvdV8PQ4DWgHgeTE+w==}

  '@connectrpc/connect@2.1.2':
    resolution: {integrity: sha512-MXkBijtcX09R10Eb6sFeIetc6w6746eio6xtfuyVOH7oQAacT1X0GzMIQFux6Qy8cq3W/T5qX5Bei8YbFtmRGA==}
    peerDependencies:
      '@bufbuild/protobuf': ^2.7.0

  '@tauri-apps/api@2.11.1':
    resolution: {integrity: sha512-M2FPuYND2m+wh5hfW9ZpSdxMPdEJovPBWwoHJmwUpysTYNHaOkVFN419m/K0LIgjb/7KU2vBgsUepJWugQCvAA==}

snapshots:

  '@bufbuild/protobuf@2.14.0': {}

  '@connectrpc/connect@2.1.2(@bufbuild/protobuf@2.14.0)':
    dependencies:
      '@bufbuild/protobuf': 2.14.0

  '@tauri-apps/api@2.11.1': {}
